
Microsoft Visual Studio Solution File, Format Version 12.00
# Visual Studio Version 17
VisualStudioVersion = 17.11.35222.181
MinimumVisualStudioVersion = 10.0.40219.1
Project("{9A19103F-16F7-4668-BE54-9A1E7A4F7556}") = "Game Scheduler Bot", "Discord Bot\Game Scheduler Bot.csproj", "{3F0CFCD1-A8F1-4CC1-BE73-95B8CA5C3D9E}"
EndProject
Global
	GlobalSection(SolutionConfigurationPlatforms) = preSolution
		Debug|Any CPU = Debug|Any CPU
		Release|Any CPU = Release|Any CPU
	EndGlobalSection
	GlobalSection(ProjectConfigurationPlatforms) = postSolution
		{3F0CFCD1-A8F1-4CC1-BE73-95B8CA5C3D9E}.Debug|Any CPU.ActiveCfg = Debug|Any CPU
		{3F0CFCD1-A8F1-4CC1-BE73-95B8CA5C3D9E}.Debug|Any CPU.Build.0 = Debug|Any CPU
		{3F0CFCD1-A8F1-4CC1-BE73-95B8CA5C3D9E}.Release|Any CPU.ActiveCfg = Release|Any CPU
		{3F0CFCD1-A8F1-4CC1-BE73-95B8CA5C3D9E}.Release|Any CPU.Build.0 = Release|Any CPU
	EndGlobalSection
	GlobalSection(SolutionProperties) = preSolution
		HideSolutionNode = FALSE
	EndGlobalSection
	GlobalSection(ExtensibilityGlobals) = postSolution
		SolutionGuid = {49CAB281-A718-4B8C-9622-AF2AD238BB50}
	EndGlobalSection
EndGlobal
